<?xml version="1.0" encoding="utf-8"?>
<Project ToolsVersion="4.0" xmlns="http://schemas.microsoft.com/developer/msbuild/2003">
  <ItemGroup>
    <Filter Include="Source Files">
      <UniqueIdentifier>{4FC737F1-C7A5-4376-A066-2A32D752A2FF}</UniqueIdentifier>
      <Extensions>cpp;c;cc;cxx;c++;cppm;ixx;def;odl;idl;hpj;bat;asm;asmx</Extensions>
    </Filter>
    <Filter Include="Header Files">
      <UniqueIdentifier>{93995380-89BD-4b04-88EB-625FBE52EBFB}</UniqueIdentifier>
      <Extensions>h;hh;hpp;hxx;h++;hm;inl;inc;ipp;xsd</Extensions>
    </Filter>
    <Filter Include="data">
      <UniqueIdentifier>{de8b3d71-b2f6-4fad-b58a-16b69454d429}</UniqueIdentifier>
    </Filter>
    <Filter Include="utils">
      <UniqueIdentifier>{f51cd267-d302-4651-afa9-7b9de0f124ca}</UniqueIdentifier>
    </Filter>
  </ItemGroup>
  <ItemGroup>
    <ClCompile Include="Engine.cpp">
      <Filter>Source Files</Filter>
    </ClCompile>
    <ClCompile Include="Main.cpp">
      <Filter>Source Files</Filter>
    </ClCompile>
    <ClCompile Include="GameIndex.cpp">
      <Filter>Source Files</Filter>
    </ClCompile>
    <ClCompile Include="data\stringToIntArray.cpp">
      <Filter>data</Filter>
    </ClCompile>
    <ClCompile Include="GameReview.cpp">
      <Filter>Source Files</Filter>
    </ClCompile>
    <ClCompile Include="data\GameData.cpp">
      <Filter>data</Filter>
    </ClCompile>
    <ClCompile Include="GameOver.cpp">
      <Filter>Source Files</Filter>
    </ClCompile>
    <ClCompile Include="GamePause.cpp">
      <Filter>Source Files</Filter>
    </ClCompile>
    <ClCompile Include="GameQuiz.cpp">
      <Filter>Source Files</Filter>
    </ClCompile>
    <ClCompile Include="utils\fsm.cpp">
      <Filter>utils</Filter>
    </ClCompile>
    <ClCompile Include="utils\Quiz.cpp">
      <Filter>utils</Filter>
    </ClCompile>
  </ItemGroup>
  <ItemGroup>
    <ClInclude Include="Engine.h">
      <Filter>Header Files</Filter>
    </ClInclude>
    <ClInclude Include="stdafx.h">
      <Filter>Header Files</Filter>
    </ClInclude>
    <ClInclude Include="IAppState.h">
      <Filter>Header Files</Filter>
    </ClInclude>
    <ClInclude Include="GameIndex.h">
      <Filter>Header Files</Filter>
    </ClInclude>
    <ClInclude Include="data\consts.h">
      <Filter>data</Filter>
    </ClInclude>
    <ClInclude Include="data\GameData.h">
      <Filter>data</Filter>
    </ClInclude>
    <ClInclude Include="data\kana_list.h">
      <Filter>data</Filter>
    </ClInclude>
    <ClInclude Include="GameReview.h">
      <Filter>Header Files</Filter>
    </ClInclude>
    <ClInclude Include="GameOver.h">
      <Filter>Header Files</Filter>
    </ClInclude>
    <ClInclude Include="GamePause.h">
      <Filter>Header Files</Filter>
    </ClInclude>
    <ClInclude Include="GameQuiz.h">
      <Filter>Header Files</Filter>
    </ClInclude>
    <ClInclude Include="data\stringToIntArray.h">
      <Filter>data</Filter>
    </ClInclude>
    <ClInclude Include="utils\fsm.h">
      <Filter>utils</Filter>
    </ClInclude>
    <ClInclude Include="utils\Quiz.h">
      <Filter>utils</Filter>
    </ClInclude>
  </ItemGroup>
</Project>